// !$*UTF8*$!
{
	archiveVersion = 1;
	classes = {
	};
	objectVersion = 56;
	objects = {

/* Begin PBXBuildFile section */
		8488C6F92D4E1C690050DC95 /* TaskManagementAppApp.swift in Sources */ = {isa = PBXBuildFile; fileRef = 8488C6F82D4E1C690050DC95 /* TaskManagementAppApp.swift */; };
		8488C6FB2D4E1C690050DC95 /* ContentView.swift in Sources */ = {isa = PBXBuildFile; fileRef = 8488C6FA2D4E1C690050DC95 /* ContentView.swift */; };
		8488C6FD2D4E1C6B0050DC95 /* Assets.xcassets in Resources */ = {isa = PBXBuildFile; fileRef = 8488C6FC2D4E1C6B0050DC95 /* Assets.xcassets */; };
		8488C7002D4E1C6B0050DC95 /* Preview Assets.xcassets in Resources */ = {isa = PBXBuildFile; fileRef = 8488C6FF2D4E1C6B0050DC95 /* Preview Assets.xcassets */; };
		8488C70A2D4E1C6C0050DC95 /* TaskManagementAppTests.swift in Sources */ = {isa = PBXBuildFile; fileRef = 8488C7092D4E1C6C0050DC95 /* TaskManagementAppTests.swift */; };
		8488C7142D4E1C6C0050DC95 /* TaskManagementAppUITests.swift in Sources */ = {isa = PBXBuildFile; fileRef = 8488C7132D4E1C6C0050DC95 /* TaskManagementAppUITests.swift */; };
		8488C7162D4E1C6C0050DC95 /* TaskManagementAppUITestsLaunchTests.swift in Sources */ = {isa = PBXBuildFile; fileRef = 8488C7152D4E1C6C0050DC95 /* TaskManagementAppUITestsLaunchTests.swift */; };
		8488C7232D4E1C910050DC95 /* PersistenceController.swift in Sources */ = {isa = PBXBuildFile; fileRef = 8488C7222D4E1C910050DC95 /* PersistenceController.swift */; };
		8488C7262D4E1CBE0050DC95 /* TaskManagementModel.xcdatamodeld in Sources */ = {isa = PBXBuildFile; fileRef = 8488C7242D4E1CBE0050DC95 /* TaskManagementModel.xcdatamodeld */; };
		8488C7282D4E1CDC0050DC95 /* ViewAllTasks.swift in Sources */ = {isa = PBXBuildFile; fileRef = 8488C7272D4E1CDC0050DC95 /* ViewAllTasks.swift */; };
		8488C72A2D4E1CEE0050DC95 /* EditAllTasks.swift in Sources */ = {isa = PBXBuildFile; fileRef = 8488C7292D4E1CEE0050DC95 /* EditAllTasks.swift */; };
		8488C72C2D4E1D030050DC95 /* AddAllTasks.swift in Sources */ = {isa = PBXBuildFile; fileRef = 8488C72B2D4E1D030050DC95 /* AddAllTasks.swift */; };
		8488C72E2D4E6C2B0050DC95 /* SelectedTaskDetails.swift in Sources */ = {isa = PBXBuildFile; fileRef = 8488C72D2D4E6C2B0050DC95 /* SelectedTaskDetails.swift */; };
/* End PBXBuildFile section */

/* Begin PBXContainerItemProxy section */
		8488C7062D4E1C6C0050DC95 /* PBXContainerItemProxy */ = {
			isa = PBXContainerItemProxy;
			containerPortal = 8488C6ED2D4E1C690050DC95 /* Project object */;
			proxyType = 1;
			remoteGlobalIDString = 8488C6F42D4E1C690050DC95;
			remoteInfo = TaskManagementApp;
		};
		8488C7102D4E1C6C0050DC95 /* PBXContainerItemProxy */ = {
			isa = PBXContainerItemProxy;
			containerPortal = 8488C6ED2D4E1C690050DC95 /* Project object */;
			proxyType = 1;
			remoteGlobalIDString = 8488C6F42D4E1C690050DC95;
			remoteInfo = TaskManagementApp;
		};
/* End PBXContainerItemProxy section */

/* Begin PBXFileReference section */
		8488C6F52D4E1C690050DC95 /* TaskManagementApp.app */ = {isa = PBXFileReference; explicitFileType = wrapper.application; includeInIndex = 0; path = TaskManagementApp.app; sourceTree = BUILT_PRODUCTS_DIR; };
		8488C6F82D4E1C690050DC95 /* TaskManagementAppApp.swift */ = {isa = PBXFileReference; lastKnownFileType = sourcecode.swift; path = TaskManagementAppApp.swift; sourceTree = "<group>"; };
		8488C6FA2D4E1C690050DC95 /* ContentView.swift */ = {isa = PBXFileReference; lastKnownFileType = sourcecode.swift; path = ContentView.swift; sourceTree = "<group>"; };
		8488C6FC2D4E1C6B0050DC95 /* Assets.xcassets */ = {isa = PBXFileReference; lastKnownFileType = folder.assetcatalog; path = Assets.xcassets; sourceTree = "<group>"; };
		8488C6FF2D4E1C6B0050DC95 /* Preview Assets.xcassets */ = {isa = PBXFileReference; lastKnownFileType = folder.assetcatalog; path = "Preview Assets.xcassets"; sourceTree = "<group>"; };
		8488C7052D4E1C6C0050DC95 /* TaskManagementAppTests.xctest */ = {isa = PBXFileReference; explicitFileType = wrapper.cfbundle; includeInIndex = 0; path = TaskManagementAppTests.xctest; sourceTree = BUILT_PRODUCTS_DIR; };
		8488C7092D4E1C6C0050DC95 /* TaskManagementAppTests.swift */ = {isa = PBXFileReference; lastKnownFileType = sourcecode.swift; path = TaskManagementAppTests.swift; sourceTree = "<group>"; };
		8488C70F2D4E1C6C0050DC95 /* TaskManagementAppUITests.xctest */ = {isa = PBXFileReference; explicitFileType = wrapper.cfbundle; includeInIndex = 0; path = TaskManagementAppUITests.xctest; sourceTree = BUILT_PRODUCTS_DIR; };
		8488C7132D4E1C6C0050DC95 /* TaskManagementAppUITests.swift */ = {isa = PBXFileReference; lastKnownFileType = sourcecode.swift; path = TaskManagementAppUITests.swift; sourceTree = "<group>"; };
		8488C7152D4E1C6C0050DC95 /* TaskManagementAppUITestsLaunchTests.swift */ = {isa = PBXFileReference; lastKnownFileType = sourcecode.swift; path = TaskManagementAppUITestsLaunchTests.swift; sourceTree = "<group>"; };
		8488C7222D4E1C910050DC95 /* PersistenceController.swift */ = {isa = PBXFileReference; lastKnownFileType = sourcecode.swift; path = PersistenceController.swift; sourceTree = "<group>"; };
		8488C7252D4E1CBE0050DC95 /* TaskManagementModel.xcdatamodel */ = {isa = PBXFileReference; lastKnownFileType = wrapper.xcdatamodel; path = TaskManagementModel.xcdatamodel; sourceTree = "<group>"; };
		8488C7272D4E1CDC0050DC95 /* ViewAllTasks.swift */ = {isa = PBXFileReference; lastKnownFileType = sourcecode.swift; path = ViewAllTasks.swift; sourceTree = "<group>"; };
		8488C7292D4E1CEE0050DC95 /* EditAllTasks.swift */ = {isa = PBXFileReference; lastKnownFileType = sourcecode.swift; path = EditAllTasks.swift; sourceTree = "<group>"; };
		8488C72B2D4E1D030050DC95 /* AddAllTasks.swift */ = {isa = PBXFileReference; lastKnownFileType = sourcecode.swift; path = AddAllTasks.swift; sourceTree = "<group>"; };
		8488C72D2D4E6C2B0050DC95 /* SelectedTaskDetails.swift */ = {isa = PBXFileReference; lastKnownFileType = sourcecode.swift; path = SelectedTaskDetails.swift; sourceTree = "<group>"; };
/* End PBXFileReference section */

/* Begin PBXFrameworksBuildPhase section */
		8488C6F22D4E1C690050DC95 /* Frameworks */ = {
			isa = PBXFrameworksBuildPhase;
			buildActionMask = 2147483647;
			files = (
			);
			runOnlyForDeploymentPostprocessing = 0;
		};
		8488C7022D4E1C6C0050DC95 /* Frameworks */ = {
			isa = PBXFrameworksBuildPhase;
			buildActionMask = 2147483647;
			files = (
			);
			runOnlyForDeploymentPostprocessing = 0;
		};
		8488C70C2D4E1C6C0050DC95 /* Frameworks */ = {
			isa = PBXFrameworksBuildPhase;
			buildActionMask = 2147483647;
			files = (
			);
			runOnlyForDeploymentPostprocessing = 0;
		};
/* End PBXFrameworksBuildPhase section */

/* Begin PBXGroup section */
		8488C6EC2D4E1C690050DC95 = {
			isa = PBXGroup;
			children = (
				8488C6F72D4E1C690050DC95 /* TaskManagementApp */,
				8488C7082D4E1C6C0050DC95 /* TaskManagementAppTests */,
				8488C7122D4E1C6C0050DC95 /* TaskManagementAppUITests */,
				8488C6F62D4E1C690050DC95 /* Products */,
			);
			sourceTree = "<group>";
		};
		8488C6F62D4E1C690050DC95 /* Products */ = {
			isa = PBXGroup;
			children = (
				8488C6F52D4E1C690050DC95 /* TaskManagementApp.app */,
				8488C7052D4E1C6C0050DC95 /* TaskManagementAppTests.xctest */,
				8488C70F2D4E1C6C0050DC95 /* TaskManagementAppUITests.xctest */,
			);
			name = Products;
			sourceTree = "<group>";
		};
		8488C6F72D4E1C690050DC95 /* TaskManagementApp */ = {
			isa = PBXGroup;
			children = (
				8488C6F82D4E1C690050DC95 /* TaskManagementAppApp.swift */,
				8488C6FA2D4E1C690050DC95 /* ContentView.swift */,
				8488C6FC2D4E1C6B0050DC95 /* Assets.xcassets */,
				8488C6FE2D4E1C6B0050DC95 /* Preview Content */,
				8488C7222D4E1C910050DC95 /* PersistenceController.swift */,
				8488C7242D4E1CBE0050DC95 /* TaskManagementModel.xcdatamodeld */,
				8488C7272D4E1CDC0050DC95 /* ViewAllTasks.swift */,
				8488C7292D4E1CEE0050DC95 /* EditAllTasks.swift */,
				8488C72B2D4E1D030050DC95 /* AddAllTasks.swift */,
				8488C72D2D4E6C2B0050DC95 /* SelectedTaskDetails.swift */,
			);
			path = TaskManagementApp;
			sourceTree = "<group>";
		};
		8488C6FE2D4E1C6B0050DC95 /* Preview Content */ = {
			isa = PBXGroup;
			children = (
				8488C6FF2D4E1C6B0050DC95 /* Preview Assets.xcassets */,
			);
			path = "Preview Content";
			sourceTree = "<group>";
		};
		8488C7082D4E1C6C0050DC95 /* TaskManagementAppTests */ = {
			isa = PBXGroup;
			children = (
				8488C7092D4E1C6C0050DC95 /* TaskManagementAppTests.swift */,
			);
			path = TaskManagementAppTests;
			sourceTree = "<group>";
		};
		8488C7122D4E1C6C0050DC95 /* TaskManagementAppUITests */ = {
			isa = PBXGroup;
			children = (
				8488C7132D4E1C6C0050DC95 /* TaskManagementAppUITests.swift */,
				8488C7152D4E1C6C0050DC95 /* TaskManagementAppUITestsLaunchTests.swift */,
			);
			path = TaskManagementAppUITests;
			sourceTree = "<group>";
		};
/* End PBXGroup section */

/* Begin PBXNativeTarget section */
		8488C6F42D4E1C690050DC95 /* TaskManagementApp */ = {
			isa = PBXNativeTarget;
			buildConfigurationList = 8488C7192D4E1C6C0050DC95 /* Build configuration list for PBXNativeTarget "TaskManagementApp" */;
			buildPhases = (
				8488C6F12D4E1C690050DC95 /* Sources */,
				8488C6F22D4E1C690050DC95 /* Frameworks */,
				8488C6F32D4E1C690050DC95 /* Resources */,
			);
			buildRules = (
			);
			dependencies = (
			);
			name = TaskManagementApp;
			productName = TaskManagementApp;
			productReference = 8488C6F52D4E1C690050DC95 /* TaskManagementApp.app */;
			productType = "com.apple.product-type.application";
		};
		8488C7042D4E1C6C0050DC95 /* TaskManagementAppTests */ = {
			isa = PBXNativeTarget;
			buildConfigurationList = 8488C71C2D4E1C6C0050DC95 /* Build configuration list for PBXNativeTarget "TaskManagementAppTests" */;
			buildPhases = (
				8488C7012D4E1C6C0050DC95 /* Sources */,
				8488C7022D4E1C6C0050DC95 /* Frameworks */,
				8488C7032D4E1C6C0050DC95 /* Resources */,
			);
			buildRules = (
			);
			dependencies = (
				8488C7072D4E1C6C0050DC95 /* PBXTargetDependency */,
			);
			name = TaskManagementAppTests;
			productName = TaskManagementAppTests;
			productReference = 8488C7052D4E1C6C0050DC95 /* TaskManagementAppTests.xctest */;
			productType = "com.apple.product-type.bundle.unit-test";
		};
		8488C70E2D4E1C6C0050DC95 /* TaskManagementAppUITests */ = {
			isa = PBXNativeTarget;
			buildConfigurationList = 8488C71F2D4E1C6C0050DC95 /* Build configuration list for PBXNativeTarget "TaskManagementAppUITests" */;
			buildPhases = (
				8488C70B2D4E1C6C0050DC95 /* Sources */,
				8488C70C2D4E1C6C0050DC95 /* Frameworks */,
				8488C70D2D4E1C6C0050DC95 /* Resources */,
			);
			buildRules = (
			);
			dependencies = (
				8488C7112D4E1C6C0050DC95 /* PBXTargetDependency */,
			);
			name = TaskManagementAppUITests;
			productName = TaskManagementAppUITests;
			productReference = 8488C70F2D4E1C6C0050DC95 /* TaskManagementAppUITests.xctest */;
			productType = "com.apple.product-type.bundle.ui-testing";
		};
/* End PBXNativeTarget section */

/* Begin PBXProject section */
		8488C6ED2D4E1C690050DC95 /* Project object */ = {
			isa = PBXProject;
			attributes = {
				BuildIndependentTargetsInParallel = 1;
				LastSwiftUpdateCheck = 1400;
				LastUpgradeCheck = 1400;
				TargetAttributes = {
					8488C6F42D4E1C690050DC95 = {
						CreatedOnToolsVersion = 14.0.1;
					};
					8488C7042D4E1C6C0050DC95 = {
						CreatedOnToolsVersion = 14.0.1;
						TestTargetID = 8488C6F42D4E1C690050DC95;
					};
					8488C70E2D4E1C6C0050DC95 = {
						CreatedOnToolsVersion = 14.0.1;
						TestTargetID = 8488C6F42D4E1C690050DC95;
					};
				};
			};
			buildConfigurationList = 8488C6F02D4E1C690050DC95 /* Build configuration list for PBXProject "TaskManagementApp" */;
			compatibilityVersion = "Xcode 14.0";
			developmentRegion = en;
			hasScannedForEncodings = 0;
			knownRegions = (
				en,
				Base,
			);
			mainGroup = 8488C6EC2D4E1C690050DC95;
			productRefGroup = 8488C6F62D4E1C690050DC95 /* Products */;
			projectDirPath = "";
			projectRoot = "";
			targets = (
				8488C6F42D4E1C690050DC95 /* TaskManagementApp */,
				8488C7042D4E1C6C0050DC95 /* TaskManagementAppTests */,
				8488C70E2D4E1C6C0050DC95 /* TaskManagementAppUITests */,
			);
		};
/* End PBXProject section */

/* Begin PBXResourcesBuildPhase section */
		8488C6F32D4E1C690050DC95 /* Resources */ = {
			isa = PBXResourcesBuildPhase;
			buildActionMask = 2147483647;
			files = (
				8488C7002D4E1C6B0050DC95 /* Preview Assets.xcassets in Resources */,
				8488C6FD2D4E1C6B0050DC95 /* Assets.xcassets in Resources */,
			);
			runOnlyForDeploymentPostprocessing = 0;
		};
		8488C7032D4E1C6C0050DC95 /* Resources */ = {
			isa = PBXResourcesBuildPhase;
			buildActionMask = 2147483647;
			files = (
			);
			runOnlyForDeploymentPostprocessing = 0;
		};
		8488C70D2D4E1C6C0050DC95 /* Resources */ = {
			isa = PBXResourcesBuildPhase;
			buildActionMask = 2147483647;
			files = (
			);
			runOnlyForDeploymentPostprocessing = 0;
		};
/* End PBXResourcesBuildPhase section */

/* Begin PBXSourcesBuildPhase section */
		8488C6F12D4E1C690050DC95 /* Sources */ = {
			isa = PBXSourcesBuildPhase;
			buildActionMask = 2147483647;
			files = (
				8488C72A2D4E1CEE0050DC95 /* EditAllTasks.swift in Sources */,
				8488C72C2D4E1D030050DC95 /* AddAllTasks.swift in Sources */,
				8488C7232D4E1C910050DC95 /* PersistenceController.swift in Sources */,
				8488C7282D4E1CDC0050DC95 /* ViewAllTasks.swift in Sources */,
				8488C6FB2D4E1C690050DC95 /* ContentView.swift in Sources */,
				8488C7262D4E1CBE0050DC95 /* TaskManagementModel.xcdatamodeld in Sources */,
				8488C72E2D4E6C2B0050DC95 /* SelectedTaskDetails.swift in Sources */,
				8488C6F92D4E1C690050DC95 /* TaskManagementAppApp.swift in Sources */,
			);
			runOnlyForDeploymentPostprocessing = 0;
		};
		8488C7012D4E1C6C0050DC95 /* Sources */ = {
			isa = PBXSourcesBuildPhase;
			buildActionMask = 2147483647;
			files = (
				8488C70A2D4E1C6C0050DC95 /* TaskManagementAppTests.swift in Sources */,
			);
			runOnlyForDeploymentPostprocessing = 0;
		};
		8488C70B2D4E1C6C0050DC95 /* Sources */ = {
			isa = PBXSourcesBuildPhase;
			buildActionMask = 2147483647;
			files = (
				8488C7162D4E1C6C0050DC95 /* TaskManagementAppUITestsLaunchTests.swift in Sources */,
				8488C7142D4E1C6C0050DC95 /* TaskManagementAppUITests.swift in Sources */,
			);
			runOnlyForDeploymentPostprocessing = 0;
		};
/* End PBXSourcesBuildPhase section */

/* Begin PBXTargetDependency section */
		8488C7072D4E1C6C0050DC95 /* PBXTargetDependency */ = {
			isa = PBXTargetDependency;
			target = 8488C6F42D4E1C690050DC95 /* TaskManagementApp */;
			targetProxy = 8488C7062D4E1C6C0050DC95 /* PBXContainerItemProxy */;
		};
		8488C7112D4E1C6C0050DC95 /* PBXTargetDependency */ = {
			isa = PBXTargetDependency;
			target = 8488C6F42D4E1C690050DC95 /* TaskManagementApp */;
			targetProxy = 8488C7102D4E1C6C0050DC95 /* PBXContainerItemProxy */;
		};
/* End PBXTargetDependency section */

/* Begin XCBuildConfiguration section */
		8488C7172D4E1C6C0050DC95 /* Debug */ = {
			isa = XCBuildConfiguration;
			buildSettings = {
				ALWAYS_SEARCH_USER_PATHS = NO;
				CLANG_ANALYZER_NONNULL = YES;
				CLANG_ANALYZER_NUMBER_OBJECT_CONVERSION = YES_AGGRESSIVE;
				CLANG_CXX_LANGUAGE_STANDARD = "gnu++20";
				CLANG_ENABLE_MODULES = YES;
				CLANG_ENABLE_OBJC_ARC = YES;
				CLANG_ENABLE_OBJC_WEAK = YES;
				CLANG_WARN_BLOCK_CAPTURE_AUTORELEASING = YES;
				CLANG_WARN_BOOL_CONVERSION = YES;
				CLANG_WARN_COMMA = YES;
				CLANG_WARN_CONSTANT_CONVERSION = YES;
				CLANG_WARN_DEPRECATED_OBJC_IMPLEMENTATIONS = YES;
				CLANG_WARN_DIRECT_OBJC_ISA_USAGE = YES_ERROR;
				CLANG_WARN_DOCUMENTATION_COMMENTS = YES;
				CLANG_WARN_EMPTY_BODY = YES;
				CLANG_WARN_ENUM_CONVERSION = YES;
				CLANG_WARN_INFINITE_RECURSION = YES;
				CLANG_WARN_INT_CONVERSION = YES;
				CLANG_WARN_NON_LITERAL_NULL_CONVERSION = YES;
				CLANG_WARN_OBJC_IMPLICIT_RETAIN_SELF = YES;
				CLANG_WARN_OBJC_LITERAL_CONVERSION = YES;
				CLANG_WARN_OBJC_ROOT_CLASS = YES_ERROR;
				CLANG_WARN_QUOTED_INCLUDE_IN_FRAMEWORK_HEADER = YES;
				CLANG_WARN_RANGE_LOOP_ANALYSIS = YES;
				CLANG_WARN_STRICT_PROTOTYPES = YES;
				CLANG_WARN_SUSPICIOUS_MOVE = YES;
				CLANG_WARN_UNGUARDED_AVAILABILITY = YES_AGGRESSIVE;
				CLANG_WARN_UNREACHABLE_CODE = YES;
				CLANG_WARN__DUPLICATE_METHOD_MATCH = YES;
				COPY_PHASE_STRIP = NO;
				DEBUG_INFORMATION_FORMAT = dwarf;
				ENABLE_STRICT_OBJC_MSGSEND = YES;
				ENABLE_TESTABILITY = YES;
				GCC_C_LANGUAGE_STANDARD = gnu11;
				GCC_DYNAMIC_NO_PIC = NO;
				GCC_NO_COMMON_BLOCKS = YES;
				GCC_OPTIMIZATION_LEVEL = 0;
				GCC_PREPROCESSOR_DEFINITIONS = (
					"DEBUG=1",
					"$(inherited)",
				);
				GCC_WARN_64_TO_32_BIT_CONVERSION = YES;
				GCC_WARN_ABOUT_RETURN_TYPE = YES_ERROR;
				GCC_WARN_UNDECLARED_SELECTOR = YES;
				GCC_WARN_UNINITIALIZED_AUTOS = YES_AGGRESSIVE;
				GCC_WARN_UNUSED_FUNCTION = YES;
				GCC_WARN_UNUSED_VARIABLE = YES;
				IPHONEOS_DEPLOYMENT_TARGET = 16.0;
				MTL_ENABLE_DEBUG_INFO = INCLUDE_SOURCE;
				MTL_FAST_MATH = YES;
				ONLY_ACTIVE_ARCH = YES;
				SDKROOT = iphoneos;
				SWIFT_ACTIVE_COMPILATION_CONDITIONS = DEBUG;
				SWIFT_OPTIMIZATION_LEVEL = "-Onone";
			};
			name = Debug;
		};
		8488C7182D4E1C6C0050DC95 /* Release */ = {
			isa = XCBuildConfiguration;
			buildSettings = {
				ALWAYS_SEARCH_USER_PATHS = NO;
				CLANG_ANALYZER_NONNULL = YES;
				CLANG_ANALYZER_NUMBER_OBJECT_CONVERSION = YES_AGGRESSIVE;
				CLANG_CXX_LANGUAGE_STANDARD = "gnu++20";
				CLANG_ENABLE_MODULES = YES;
				CLANG_ENABLE_OBJC_ARC = YES;
				CLANG_ENABLE_OBJC_WEAK = YES;
				CLANG_WARN_BLOCK_CAPTURE_AUTORELEASING = YES;
				CLANG_WARN_BOOL_CONVERSION = YES;
				CLANG_WARN_COMMA = YES;
				CLANG_WARN_CONSTANT_CONVERSION = YES;
				CLANG_WARN_DEPRECATED_OBJC_IMPLEMENTATIONS = YES;
				CLANG_WARN_DIRECT_OBJC_ISA_USAGE = YES_ERROR;
				CLANG_WARN_DOCUMENTATION_COMMENTS = YES;
				CLANG_WARN_EMPTY_BODY = YES;
				CLANG_WARN_ENUM_CONVERSION = YES;
				CLANG_WARN_INFINITE_RECURSION = YES;
				CLANG_WARN_INT_CONVERSION = YES;
				CLANG_WARN_NON_LITERAL_NULL_CONVERSION = YES;
				CLANG_WARN_OBJC_IMPLICIT_RETAIN_SELF = YES;
				CLANG_WARN_OBJC_LITERAL_CONVERSION = YES;
				CLANG_WARN_OBJC_ROOT_CLASS = YES_ERROR;
				CLANG_WARN_QUOTED_INCLUDE_IN_FRAMEWORK_HEADER = YES;
				CLANG_WARN_RANGE_LOOP_ANALYSIS = YES;
				CLANG_WARN_STRICT_PROTOTYPES = YES;
				CLANG_WARN_SUSPICIOUS_MOVE = YES;
				CLANG_WARN_UNGUARDED_AVAILABILITY = YES_AGGRESSIVE;
				CLANG_WARN_UNREACHABLE_CODE = YES;
				CLANG_WARN__DUPLICATE_METHOD_MATCH = YES;
				COPY_PHASE_STRIP = NO;
				DEBUG_INFORMATION_FORMAT = "dwarf-with-dsym";
				ENABLE_NS_ASSERTIONS = NO;
				ENABLE_STRICT_OBJC_MSGSEND = YES;
				GCC_C_LANGUAGE_STANDARD = gnu11;
				GCC_NO_COMMON_BLOCKS = YES;
				GCC_WARN_64_TO_32_BIT_CONVERSION = YES;
				GCC_WARN_ABOUT_RETURN_TYPE = YES_ERROR;
				GCC_WARN_UNDECLARED_SELECTOR = YES;
				GCC_WARN_UNINITIALIZED_AUTOS = YES_AGGRESSIVE;
				GCC_WARN_UNUSED_FUNCTION = YES;
				GCC_WARN_UNUSED_VARIABLE = YES;
				IPHONEOS_DEPLOYMENT_TARGET = 16.0;
				MTL_ENABLE_DEBUG_INFO = NO;
				MTL_FAST_MATH = YES;
				SDKROOT = iphoneos;
				SWIFT_COMPILATION_MODE = wholemodule;
				SWIFT_OPTIMIZATION_LEVEL = "-O";
				VALIDATE_PRODUCT = YES;
			};
			name = Release;
		};
		8488C71A2D4E1C6C0050DC95 /* Debug */ = {
			isa = XCBuildConfiguration;
			buildSettings = {
				ASSETCATALOG_COMPILER_APPICON_NAME = AppIcon;
				ASSETCATALOG_COMPILER_GLOBAL_ACCENT_COLOR_NAME = AccentColor;
				CODE_SIGN_STYLE = Automatic;
				CURRENT_PROJECT_VERSION = 1;
				DEVELOPMENT_ASSET_PATHS = "\"TaskManagementApp/Preview Content\"";
				ENABLE_PREVIEWS = YES;
				GENERATE_INFOPLIST_FILE = YES;
				INFOPLIST_KEY_UIApplicationSceneManifest_Generation = YES;
				INFOPLIST_KEY_UIApplicationSupportsIndirectInputEvents = YES;
				INFOPLIST_KEY_UILaunchScreen_Generation = YES;
				INFOPLIST_KEY_UISupportedInterfaceOrientations_iPad = "UIInterfaceOrientationPortrait UIInterfaceOrientationPortraitUpsideDown UIInterfaceOrientationLandscapeLeft UIInterfaceOrientationLandscapeRight";
				INFOPLIST_KEY_UISupportedInterfaceOrientations_iPhone = "UIInterfaceOrientationPortrait UIInterfaceOrientationLandscapeLeft UIInterfaceOrientationLandscapeRight";
				LD_RUNPATH_SEARCH_PATHS = (
					"$(inherited)",
					"@executable_path/Frameworks",
				);
				MARKETING_VERSION = 1.0;
				PRODUCT_BUNDLE_IDENTIFIER = com.example.sampleapp.TaskManagementApp;
				PRODUCT_NAME = "$(TARGET_NAME)";
				SWIFT_EMIT_LOC_STRINGS = YES;
				SWIFT_VERSION = 5.0;
				TARGETED_DEVICE_FAMILY = "1,2";
			};
			name = Debug;
		};
		8488C71B2D4E1C6C0050DC95 /* Release */ = {
			isa = XCBuildConfiguration;
			buildSettings = {
				ASSETCATALOG_COMPILER_APPICON_NAME = AppIcon;
				ASSETCATALOG_COMPILER_GLOBAL_ACCENT_COLOR_NAME = AccentColor;
				CODE_SIGN_STYLE = Automatic;
				CURRENT_PROJECT_VERSION = 1;
				DEVELOPMENT_ASSET_PATHS = "\"TaskManagementApp/Preview Content\"";
				ENABLE_PREVIEWS = YES;
				GENERATE_INFOPLIST_FILE = YES;
				INFOPLIST_KEY_UIApplicationSceneManifest_Generation = YES;
				INFOPLIST_KEY_UIApplicationSupportsIndirectInputEvents = YES;
				INFOPLIST_KEY_UILaunchScreen_Generation = YES;
				INFOPLIST_KEY_UISupportedInterfaceOrientations_iPad = "UIInterfaceOrientationPortrait UIInterfaceOrientationPortraitUpsideDown UIInterfaceOrientationLandscapeLeft UIInterfaceOrientationLandscapeRight";
				INFOPLIST_KEY_UISupportedInterfaceOrientations_iPhone = "UIInterfaceOrientationPortrait UIInterfaceOrientationLandscapeLeft UIInterfaceOrientationLandscapeRight";
				LD_RUNPATH_SEARCH_PATHS = (
					"$(inherited)",
					"@executable_path/Frameworks",
				);
				MARKETING_VERSION = 1.0;
				PRODUCT_BUNDLE_IDENTIFIER = com.example.sampleapp.TaskManagementApp;
				PRODUCT_NAME = "$(TARGET_NAME)";
				SWIFT_EMIT_LOC_STRINGS = YES;
				SWIFT_VERSION = 5.0;
				TARGETED_DEVICE_FAMILY = "1,2";
			};
			name = Release;
		};
		8488C71D2D4E1C6C0050DC95 /* Debug */ = {
			isa = XCBuildConfiguration;
			buildSettings = {
				ALWAYS_EMBED_SWIFT_STANDARD_LIBRARIES = YES;
				BUNDLE_LOADER = "$(TEST_HOST)";
				CODE_SIGN_STYLE = Automatic;
				CURRENT_PROJECT_VERSION = 1;
				GENERATE_INFOPLIST_FILE = YES;
				IPHONEOS_DEPLOYMENT_TARGET = 16.0;
				MARKETING_VERSION = 1.0;
				PRODUCT_BUNDLE_IDENTIFIER = com.example.sampleapp.TaskManagementAppTests;
				PRODUCT_NAME = "$(TARGET_NAME)";
				SWIFT_EMIT_LOC_STRINGS = NO;
				SWIFT_VERSION = 5.0;
				TARGETED_DEVICE_FAMILY = "1,2";
				TEST_HOST = "$(BUILT_PRODUCTS_DIR)/TaskManagementApp.app/$(BUNDLE_EXECUTABLE_FOLDER_PATH)/TaskManagementApp";
			};
			name = Debug;
		};
		8488C71E2D4E1C6C0050DC95 /* Release */ = {
			isa = XCBuildConfiguration;
			buildSettings = {
				ALWAYS_EMBED_SWIFT_STANDARD_LIBRARIES = YES;
				BUNDLE_LOADER = "$(TEST_HOST)";
				CODE_SIGN_STYLE = Automatic;
				CURRENT_PROJECT_VERSION = 1;
				GENERATE_INFOPLIST_FILE = YES;
				IPHONEOS_DEPLOYMENT_TARGET = 16.0;
				MARKETING_VERSION = 1.0;
				PRODUCT_BUNDLE_IDENTIFIER = com.example.sampleapp.TaskManagementAppTests;
				PRODUCT_NAME = "$(TARGET_NAME)";
				SWIFT_EMIT_LOC_STRINGS = NO;
				SWIFT_VERSION = 5.0;
				TARGETED_DEVICE_FAMILY = "1,2";
				TEST_HOST = "$(BUILT_PRODUCTS_DIR)/TaskManagementApp.app/$(BUNDLE_EXECUTABLE_FOLDER_PATH)/TaskManagementApp";
			};
			name = Release;
		};
		8488C7202D4E1C6C0050DC95 /* Debug */ = {
			isa = XCBuildConfiguration;
			buildSettings = {
				ALWAYS_EMBED_SWIFT_STANDARD_LIBRARIES = YES;
				CODE_SIGN_STYLE = Automatic;
				CURRENT_PROJECT_VERSION = 1;
				GENERATE_INFOPLIST_FILE = YES;
				MARKETING_VERSION = 1.0;
				PRODUCT_BUNDLE_IDENTIFIER = com.example.sampleapp.TaskManagementAppUITests;
				PRODUCT_NAME = "$(TARGET_NAME)";
				SWIFT_EMIT_LOC_STRINGS = NO;
				SWIFT_VERSION = 5.0;
				TARGETED_DEVICE_FAMILY = "1,2";
				TEST_TARGET_NAME = TaskManagementApp;
			};
			name = Debug;
		};
		8488C7212D4E1C6C0050DC95 /* Release */ = {
			isa = XCBuildConfiguration;
			buildSettings = {
				ALWAYS_EMBED_SWIFT_STANDARD_LIBRARIES = YES;
				CODE_SIGN_STYLE = Automatic;
				CURRENT_PROJECT_VERSION = 1;
				GENERATE_INFOPLIST_FILE = YES;
				MARKETING_VERSION = 1.0;
				PRODUCT_BUNDLE_IDENTIFIER = com.example.sampleapp.TaskManagementAppUITests;
				PRODUCT_NAME = "$(TARGET_NAME)";
				SWIFT_EMIT_LOC_STRINGS = NO;
				SWIFT_VERSION = 5.0;
				TARGETED_DEVICE_FAMILY = "1,2";
				TEST_TARGET_NAME = TaskManagementApp;
			};
			name = Release;
		};
/* End XCBuildConfiguration section */

/* Begin XCConfigurationList section */
		8488C6F02D4E1C690050DC95 /* Build configuration list for PBXProject "TaskManagementApp" */ = {
			isa = XCConfigurationList;
			buildConfigurations = (
				8488C7172D4E1C6C0050DC95 /* Debug */,
				8488C7182D4E1C6C0050DC95 /* Release */,
			);
			defaultConfigurationIsVisible = 0;
			defaultConfigurationName = Release;
		};
		8488C7192D4E1C6C0050DC95 /* Build configuration list for PBXNativeTarget "TaskManagementApp" */ = {
			isa = XCConfigurationList;
			buildConfigurations = (
				8488C71A2D4E1C6C0050DC95 /* Debug */,
				8488C71B2D4E1C6C0050DC95 /* Release */,
			);
			defaultConfigurationIsVisible = 0;
			defaultConfigurationName = Release;
		};
		8488C71C2D4E1C6C0050DC95 /* Build configuration list for PBXNativeTarget "TaskManagementAppTests" */ = {
			isa = XCConfigurationList;
			buildConfigurations = (
				8488C71D2D4E1C6C0050DC95 /* Debug */,
				8488C71E2D4E1C6C0050DC95 /* Release */,
			);
			defaultConfigurationIsVisible = 0;
			defaultConfigurationName = Release;
		};
		8488C71F2D4E1C6C0050DC95 /* Build configuration list for PBXNativeTarget "TaskManagementAppUITests" */ = {
			isa = XCConfigurationList;
			buildConfigurations = (
				8488C7202D4E1C6C0050DC95 /* Debug */,
				8488C7212D4E1C6C0050DC95 /* Release */,
			);
			defaultConfigurationIsVisible = 0;
			defaultConfigurationName = Release;
		};
/* End XCConfigurationList section */

/* Begin XCVersionGroup section */
		8488C7242D4E1CBE0050DC95 /* TaskManagementModel.xcdatamodeld */ = {
			isa = XCVersionGroup;
			children = (
				8488C7252D4E1CBE0050DC95 /* TaskManagementModel.xcdatamodel */,
			);
			currentVersion = 8488C7252D4E1CBE0050DC95 /* TaskManagementModel.xcdatamodel */;
			path = TaskManagementModel.xcdatamodeld;
			sourceTree = "<group>";
			versionGroupType = wrapper.xcdatamodel;
		};
/* End XCVersionGroup section */
	};
	rootObject = 8488C6ED2D4E1C690050DC95 /* Project object */;
}
